
Microsoft Visual Studio Solution File, Format Version 12.00
# Visual Studio Version 17
VisualStudioVersion = 17.13.35931.197
MinimumVisualStudioVersion = 10.0.40219.1
Project("{FAE04EC0-301F-11D3-BF4B-00C04F79EFBC}") = "YumBlazor", "YumBlazor.csproj", "{3AF81058-D60F-4E95-946C-03B79D0E377C}"
EndProject
Global
	GlobalSection(SolutionConfigurationPlatforms) = preSolution
		Debug|Any CPU = Debug|Any CPU
		Release|Any CPU = Release|Any CPU
	EndGlobalSection
	GlobalSection(ProjectConfigurationPlatforms) = postSolution
		{3AF81058-D60F-4E95-946C-03B79D0E377C}.Debug|Any CPU.ActiveCfg = Debug|Any CPU
		{3AF81058-D60F-4E95-946C-03B79D0E377C}.Debug|Any CPU.Build.0 = Debug|Any CPU
		{3AF81058-D60F-4E95-946C-03B79D0E377C}.Release|Any CPU.ActiveCfg = Release|Any CPU
		{3AF81058-D60F-4E95-946C-03B79D0E377C}.Release|Any CPU.Build.0 = Release|Any CPU
	EndGlobalSection
	GlobalSection(SolutionProperties) = preSolution
		HideSolutionNode = FALSE
	EndGlobalSection
	GlobalSection(ExtensibilityGlobals) = postSolution
		SolutionGuid = {57A6A14F-AE71-4D22-BF6C-3B0D4645DD9E}
	EndGlobalSection
EndGlobal
